
Microsoft Visual Studio Solution File, Format Version 12.00
# Visual Studio Version 17
VisualStudioVersion = 17.4.33122.133
MinimumVisualStudioVersion = 10.0.40219.1
Project("{FAE04EC0-301F-11D3-BF4B-00C04F79EFBC}") = "BlazorMasterDetails.Server", "BlazorMasterDetails\Server\BlazorMasterDetails.Server.csproj", "{8B444F72-D4C5-4317-806C-2712BB61AC14}"
EndProject
Project("{FAE04EC0-301F-11D3-BF4B-00C04F79EFBC}") = "BlazorMasterDetails.Client", "BlazorMasterDetails\Client\BlazorMasterDetails.Client.csproj", "{29F7EA11-2677-45CA-A0DE-3270E0CE751A}"
EndProject
Project("{FAE04EC0-301F-11D3-BF4B-00C04F79EFBC}") = "BlazorMasterDetails.Shared", "BlazorMasterDetails\Shared\BlazorMasterDetails.Shared.csproj", "{8DF735F7-E9D4-4D1E-AA9A-A4A8F1110144}"
EndProject
Global
	GlobalSection(SolutionConfigurationPlatforms) = preSolution
		Debug|Any CPU = Debug|Any CPU
		Release|Any CPU = Release|Any CPU
	EndGlobalSection
	GlobalSection(ProjectConfigurationPlatforms) = postSolution
		{8B444F72-D4C5-4317-806C-2712BB61AC14}.Debug|Any CPU.ActiveCfg = Debug|Any CPU
		{8B444F72-D4C5-4317-806C-2712BB61AC14}.Debug|Any CPU.Build.0 = Debug|Any CPU
		{8B444F72-D4C5-4317-806C-2712BB61AC14}.Release|Any CPU.ActiveCfg = Release|Any CPU
		{8B444F72-D4C5-4317-806C-2712BB61AC14}.Release|Any CPU.Build.0 = Release|Any CPU
		{29F7EA11-2677-45CA-A0DE-3270E0CE751A}.Debug|Any CPU.ActiveCfg = Debug|Any CPU
		{29F7EA11-2677-45CA-A0DE-3270E0CE751A}.Debug|Any CPU.Build.0 = Debug|Any CPU
		{29F7EA11-2677-45CA-A0DE-3270E0CE751A}.Release|Any CPU.ActiveCfg = Release|Any CPU
		{29F7EA11-2677-45CA-A0DE-3270E0CE751A}.Release|Any CPU.Build.0 = Release|Any CPU
		{8DF735F7-E9D4-4D1E-AA9A-A4A8F1110144}.Debug|Any CPU.ActiveCfg = Debug|Any CPU
		{8DF735F7-E9D4-4D1E-AA9A-A4A8F1110144}.Debug|Any CPU.Build.0 = Debug|Any CPU
		{8DF735F7-E9D4-4D1E-AA9A-A4A8F1110144}.Release|Any CPU.ActiveCfg = Release|Any CPU
		{8DF735F7-E9D4-4D1E-AA9A-A4A8F1110144}.Release|Any CPU.Build.0 = Release|Any CPU
	EndGlobalSection
	GlobalSection(SolutionProperties) = preSolution
		HideSolutionNode = FALSE
	EndGlobalSection
	GlobalSection(ExtensibilityGlobals) = postSolution
		SolutionGuid = {F6528CA9-7845-4BFD-882E-F03E4BE9E68F}
	EndGlobalSection
EndGlobal
